{
  "nodes": {
    "darwin": {
      "inputs": {
        "nixpkgs": [
          "nixpkgs"
        ]
      },
      "locked": {
        "lastModified": 1699437533,
        "narHash": "sha256-lMoPz9c89CpPVuJ95OFFesM9JagCF0soGbQatj3ZhqM=",
        "owner": "lnl7",
        "repo": "nix-darwin",
        "rev": "eb2b9b64238349bd351561e32e260cac15db6f9a",
        "type": "github"
      },
      "original": {
        "owner": "lnl7",
        "repo": "nix-darwin",
        "type": "github"
      }
    },
    "home-manager": {
      "inputs": {
        "nixpkgs": [
          "nixpkgs"
        ]
      },
      "locked": {
        "lastModified": 1699368917,
        "narHash": "sha256-nUtGIWf86BOkUbtksWtfglvCZ/otP0FTZlQH8Rzc7PA=",
        "rev": "6a8444467c83c961e2f5ff64fb4f422e303c98d3",
        "revCount": 3099,
        "type": "tarball",
        "url": "https://api.flakehub.com/f/pinned/nix-community/home-manager/0.1.3099%2Brev-6a8444467c83c961e2f5ff64fb4f422e303c98d3/018baa48-c2e1-7f9f-b4da-9d9cfe4a3b4c/source.tar.gz"
      },
      "original": {
        "type": "tarball",
        "url": "https://flakehub.com/f/nix-community/home-manager/0.1.0.tar.gz"
      }
    },
    "nixpkgs": {
      "locked": {
        "lastModified": 1699099776,
        "narHash": "sha256-X09iKJ27mGsGambGfkKzqvw5esP1L/Rf8H3u3fCqIiU=",
        "rev": "85f1ba3e51676fa8cc604a3d863d729026a6b8eb",
        "revCount": 544052,
        "type": "tarball",
        "url": "https://api.flakehub.com/f/pinned/NixOS/nixpkgs/0.1.544052%2Brev-85f1ba3e51676fa8cc604a3d863d729026a6b8eb/018b9ea4-975d-791c-995d-27a4cf33e818/source.tar.gz"
      },
      "original": {
        "type": "tarball",
        "url": "https://flakehub.com/f/NixOS/nixpkgs/0.1.0.tar.gz"
      }
    },
    "private-config": {
      "flake": false,
      "locked": {
        "lastModified": 1683999487,
        "narHash": "sha256-/+NDWfjfWOVE107nWNDJv0HsXL60HIzzgQhbpl1ncbg=",
        "owner": "aohoy",
        "repo": "private-config",
        "rev": "206c833a8876942b747acc77b86c259e24065c19",
        "type": "github"
      },
      "original": {
        "owner": "aohoy",
        "repo": "private-config",
        "type": "github"
      }
    },
    "root": {
      "inputs": {
        "darwin": "darwin",
        "home-manager": "home-manager",
        "nixpkgs": "nixpkgs",
        "private-config": "private-config"
      }
    }
  },
  "root": "root",
  "version": 7
}
